// !$*UTF8*$!
{
	archiveVersion = 1;
	classes = {
	};
	objectVersion = 77;
	objects = {

/* Begin PBXBuildFile section */
		A1000010 /* SpliceSwiftUI */ = {isa = PBXBuildFile; productRef = A1000009 /* SpliceSwiftUI */; };
		A1000031 /* Feature */ = {isa = PBXBuildFile; productRef = A1000030 /* Feature */; };
/* End PBXBuildFile section */

/* Begin PBXFileReference section */
		A1000001 /* XcodeApp.app */ = {isa = PBXFileReference; explicitFileType = wrapper.application; includeInIndex = 0; path = XcodeApp.app; sourceTree = BUILT_PRODUCTS_DIR; };
		A1000020 /* Splice.xcconfig */ = {isa = PBXFileReference; lastKnownFileType = text.xcconfig; name = Splice.xcconfig; path = ../../integrations/xcode/Splice.xcconfig; sourceTree = "<group>"; };
/* End PBXFileReference section */

/* Begin PBXFileSystemSynchronizedRootGroup section */
		A1000002 /* Sources */ = {isa = PBXFileSystemSynchronizedRootGroup; path = Sources; sourceTree = "<group>"; };
/* End PBXFileSystemSynchronizedRootGroup section */

/* Begin PBXFrameworksBuildPhase section */
		A1000003 /* Frameworks */ = {
			isa = PBXFrameworksBuildPhase;
			buildActionMask = 2147483647;
			files = (
				A1000010 /* SpliceSwiftUI */,
				A1000031 /* Feature */,
			);
			runOnlyForDeploymentPostprocessing = 0;
		};
/* End PBXFrameworksBuildPhase section */

/* Begin PBXGroup section */
		A1000004 = {
			isa = PBXGroup;
			children = (
				A1000020 /* Splice.xcconfig */,
				A1000002 /* Sources */,
				A1000005 /* Products */,
			);
			sourceTree = "<group>";
		};
		A1000005 /* Products */ = {
			isa = PBXGroup;
			children = (
				A1000001 /* XcodeApp.app */,
			);
			name = Products;
			sourceTree = "<group>";
		};
/* End PBXGroup section */

/* Begin PBXNativeTarget section */
		A1000006 /* XcodeApp */ = {
			isa = PBXNativeTarget;
			buildConfigurationList = A1000012 /* Build configuration list for PBXNativeTarget "XcodeApp" */;
			buildPhases = (
				A1000007 /* Sources */,
				A1000003 /* Frameworks */,
			);
			buildRules = (
			);
			dependencies = (
			);
			fileSystemSynchronizedGroups = (
				A1000002 /* Sources */,
			);
			name = XcodeApp;
			packageProductDependencies = (
				A1000009 /* SpliceSwiftUI */,
				A1000030 /* Feature */,
			);
			productName = XcodeApp;
			productReference = A1000001 /* XcodeApp.app */;
			productType = "com.apple.product-type.application";
		};
/* End PBXNativeTarget section */

/* Begin PBXProject section */
		A1000008 /* Project object */ = {
			isa = PBXProject;
			attributes = {
				BuildIndependentTargetsInParallel = 1;
				LastSwiftUpdateCheck = 2700;
				LastUpgradeCheck = 2700;
			};
			buildConfigurationList = A1000011 /* Build configuration list for PBXProject "XcodeApp" */;
			developmentRegion = en;
			hasScannedForEncodings = 0;
			knownRegions = (
				en,
				Base,
			);
			mainGroup = A1000004;
			minimizedProjectReferenceProxies = 1;
			packageReferences = (
				A1000019 /* XCLocalSwiftPackageReference "../.." */,
				A1000032 /* XCLocalSwiftPackageReference "Feature" */,
			);
			preferredProjectObjectVersion = 77;
			productRefGroup = A1000005 /* Products */;
			projectDirPath = "";
			projectRoot = "";
			targets = (
				A1000006 /* XcodeApp */,
			);
		};
/* End PBXProject section */

/* Begin PBXSourcesBuildPhase section */
		A1000007 /* Sources */ = {
			isa = PBXSourcesBuildPhase;
			buildActionMask = 2147483647;
			files = (
			);
			runOnlyForDeploymentPostprocessing = 0;
		};
/* End PBXSourcesBuildPhase section */

/* Begin XCBuildConfiguration section */
		A1000013 /* Debug */ = {
			isa = XCBuildConfiguration;
			buildSettings = {
				ALWAYS_SEARCH_USER_PATHS = NO;
				CLANG_ENABLE_OBJC_ARC = YES;
				COPY_PHASE_STRIP = NO;
				DEBUG_INFORMATION_FORMAT = dwarf;
				ENABLE_STRICT_OBJC_MSGSEND = YES;
				ENABLE_TESTABILITY = YES;
				GCC_NO_COMMON_BLOCKS = YES;
				IPHONEOS_DEPLOYMENT_TARGET = 18.0;
				ONLY_ACTIVE_ARCH = YES;
				SDKROOT = iphoneos;
				SWIFT_ACTIVE_COMPILATION_CONDITIONS = "DEBUG $(inherited)";
				SWIFT_VERSION = 5.0;
			};
			name = Debug;
		};
		A1000014 /* Release */ = {
			isa = XCBuildConfiguration;
			buildSettings = {
				ALWAYS_SEARCH_USER_PATHS = NO;
				CLANG_ENABLE_OBJC_ARC = YES;
				COPY_PHASE_STRIP = NO;
				DEBUG_INFORMATION_FORMAT = "dwarf-with-dsym";
				ENABLE_STRICT_OBJC_MSGSEND = YES;
				GCC_NO_COMMON_BLOCKS = YES;
				IPHONEOS_DEPLOYMENT_TARGET = 18.0;
				SDKROOT = iphoneos;
				SWIFT_COMPILATION_MODE = wholemodule;
				SWIFT_OPTIMIZATION_LEVEL = "-O";
				SWIFT_VERSION = 5.0;
				VALIDATE_PRODUCT = YES;
			};
			name = Release;
		};
		A1000015 /* Debug */ = {
			isa = XCBuildConfiguration;
			baseConfigurationReference = A1000020 /* Splice.xcconfig */;
			buildSettings = {
				ASSETCATALOG_COMPILER_APPICON_NAME = AppIcon;
				CODE_SIGNING_ALLOWED = NO;
				CODE_SIGNING_REQUIRED = NO;
				CURRENT_PROJECT_VERSION = 1;
				GENERATE_INFOPLIST_FILE = YES;
				INFOPLIST_KEY_UILaunchScreen_Generation = YES;
				INFOPLIST_KEY_UISupportedInterfaceOrientations = UIInterfaceOrientationPortrait;
				MARKETING_VERSION = 1.0;
				PRODUCT_BUNDLE_IDENTIFIER = "dev.swift-splice.XcodeApp";
				PRODUCT_NAME = "$(TARGET_NAME)";
				SWIFT_EMIT_LOC_STRINGS = YES;
				TARGETED_DEVICE_FAMILY = 1;
			};
			name = Debug;
		};
		A1000016 /* Release */ = {
			isa = XCBuildConfiguration;
			buildSettings = {
				ASSETCATALOG_COMPILER_APPICON_NAME = AppIcon;
				CODE_SIGNING_ALLOWED = NO;
				CODE_SIGNING_REQUIRED = NO;
				CURRENT_PROJECT_VERSION = 1;
				GENERATE_INFOPLIST_FILE = YES;
				INFOPLIST_KEY_UILaunchScreen_Generation = YES;
				INFOPLIST_KEY_UISupportedInterfaceOrientations = UIInterfaceOrientationPortrait;
				MARKETING_VERSION = 1.0;
				PRODUCT_BUNDLE_IDENTIFIER = "dev.swift-splice.XcodeApp";
				PRODUCT_NAME = "$(TARGET_NAME)";
				SWIFT_EMIT_LOC_STRINGS = YES;
				TARGETED_DEVICE_FAMILY = 1;
			};
			name = Release;
		};
/* End XCBuildConfiguration section */

/* Begin XCConfigurationList section */
		A1000011 /* Build configuration list for PBXProject "XcodeApp" */ = {
			isa = XCConfigurationList;
			buildConfigurations = (
				A1000013 /* Debug */,
				A1000014 /* Release */,
			);
			defaultConfigurationIsVisible = 0;
			defaultConfigurationName = Release;
		};
		A1000012 /* Build configuration list for PBXNativeTarget "XcodeApp" */ = {
			isa = XCConfigurationList;
			buildConfigurations = (
				A1000015 /* Debug */,
				A1000016 /* Release */,
			);
			defaultConfigurationIsVisible = 0;
			defaultConfigurationName = Release;
		};
/* End XCConfigurationList section */

/* Begin XCLocalSwiftPackageReference section */
		A1000019 /* XCLocalSwiftPackageReference "../.." */ = {
			isa = XCLocalSwiftPackageReference;
			relativePath = ../..;
		};
		A1000032 /* XCLocalSwiftPackageReference "Feature" */ = {
			isa = XCLocalSwiftPackageReference;
			relativePath = Feature;
		};
/* End XCLocalSwiftPackageReference section */

/* Begin XCSwiftPackageProductDependency section */
		A1000009 /* SpliceSwiftUI */ = {
			isa = XCSwiftPackageProductDependency;
			productName = SpliceSwiftUI;
		};
		A1000030 /* Feature */ = {
			isa = XCSwiftPackageProductDependency;
			productName = Feature;
		};
/* End XCSwiftPackageProductDependency section */
	};
	rootObject = A1000008 /* Project object */;
}
